
Microsoft Visual Studio Solution File, Format Version 12.00
# Visual Studio Version 17
VisualStudioVersion = 17.13.35919.96 d17.13
MinimumVisualStudioVersion = 10.0.40219.1
Project("{FAE04EC0-301F-11D3-BF4B-00C04F79EFBC}") = "1_PC1_14", "1_PC1_14\1_PC1_14.csproj", "{AF5A4B57-E603-48EB-A988-BE10D12AD54D}"
EndProject
Global
	GlobalSection(SolutionConfigurationPlatforms) = preSolution
		Debug|Any CPU = Debug|Any CPU
		Release|Any CPU = Release|Any CPU
	EndGlobalSection
	GlobalSection(ProjectConfigurationPlatforms) = postSolution
		{AF5A4B57-E603-48EB-A988-BE10D12AD54D}.Debug|Any CPU.ActiveCfg = Debug|Any CPU
		{AF5A4B57-E603-48EB-A988-BE10D12AD54D}.Debug|Any CPU.Build.0 = Debug|Any CPU
		{AF5A4B57-E603-48EB-A988-BE10D12AD54D}.Release|Any CPU.ActiveCfg = Release|Any CPU
		{AF5A4B57-E603-48EB-A988-BE10D12AD54D}.Release|Any CPU.Build.0 = Release|Any CPU
	EndGlobalSection
	GlobalSection(SolutionProperties) = preSolution
		HideSolutionNode = FALSE
	EndGlobalSection
	GlobalSection(ExtensibilityGlobals) = postSolution
		SolutionGuid = {794F50B2-7B51-4283-8B01-5F8FE6569746}
	EndGlobalSection
EndGlobal
